
Microsoft Visual Studio Solution File, Format Version 12.00
# Visual Studio Version 17
VisualStudioVersion = 17.9.34622.214
MinimumVisualStudioVersion = 10.0.40219.1
Project("{FAE04EC0-301F-11D3-BF4B-00C04F79EFBC}") = "Week15OOPAndFiles", "Week15OOPAndFiles\Week15OOPAndFiles.csproj", "{A449887A-2E7A-4C44-AD4A-6705AD01BE45}"
EndProject
Project("{FAE04EC0-301F-11D3-BF4B-00C04F79EFBC}") = "WEEK15KODUNE", "WEEK15KODUNE\WEEK15KODUNE.csproj", "{9E47F07E-6F21-48D5-BEFD-4DBCA59426FD}"
EndProject
Global
	GlobalSection(SolutionConfigurationPlatforms) = preSolution
		Debug|Any CPU = Debug|Any CPU
		Release|Any CPU = Release|Any CPU
	EndGlobalSection
	GlobalSection(ProjectConfigurationPlatforms) = postSolution
		{A449887A-2E7A-4C44-AD4A-6705AD01BE45}.Debug|Any CPU.ActiveCfg = Debug|Any CPU
		{A449887A-2E7A-4C44-AD4A-6705AD01BE45}.Debug|Any CPU.Build.0 = Debug|Any CPU
		{A449887A-2E7A-4C44-AD4A-6705AD01BE45}.Release|Any CPU.ActiveCfg = Release|Any CPU
		{A449887A-2E7A-4C44-AD4A-6705AD01BE45}.Release|Any CPU.Build.0 = Release|Any CPU
		{9E47F07E-6F21-48D5-BEFD-4DBCA59426FD}.Debug|Any CPU.ActiveCfg = Debug|Any CPU
		{9E47F07E-6F21-48D5-BEFD-4DBCA59426FD}.Debug|Any CPU.Build.0 = Debug|Any CPU
		{9E47F07E-6F21-48D5-BEFD-4DBCA59426FD}.Release|Any CPU.ActiveCfg = Release|Any CPU
		{9E47F07E-6F21-48D5-BEFD-4DBCA59426FD}.Release|Any CPU.Build.0 = Release|Any CPU
	EndGlobalSection
	GlobalSection(SolutionProperties) = preSolution
		HideSolutionNode = FALSE
	EndGlobalSection
	GlobalSection(ExtensibilityGlobals) = postSolution
		SolutionGuid = {EA81AFA9-3287-4683-B464-2790075E7E72}
	EndGlobalSection
EndGlobal
